
Microsoft Visual Studio Solution File, Format Version 11.00
# Visual Studio 2010
Project("{FAE04EC0-301F-11D3-BF4B-00C04F79EFBC}") = "VuforiaScripts", "VuforiaScripts.csproj", "{159419AF-4F23-11E6-3A19-3AF2B2AE7979}"
EndProject
Project("{FAE04EC0-301F-11D3-BF4B-00C04F79EFBC}") = "Assembly-CSharp", "Assembly-CSharp.csproj", "{8EAAE7D0-0F89-ADA8-F87B-28C02EA87E86}"
EndProject
Project("{FAE04EC0-301F-11D3-BF4B-00C04F79EFBC}") = "VuforiaEditorScripts", "VuforiaEditorScripts.csproj", "{D042F0FE-285D-5C00-CD68-2F97EF58A44A}"
EndProject
Global
	GlobalSection(SolutionConfigurationPlatforms) = preSolution
		Debug|Any CPU = Debug|Any CPU
		Release|Any CPU = Release|Any CPU
	EndGlobalSection
	GlobalSection(ProjectConfigurationPlatforms) = postSolution
		{159419AF-4F23-11E6-3A19-3AF2B2AE7979}.Debug|Any CPU.ActiveCfg = Debug|Any CPU
		{159419AF-4F23-11E6-3A19-3AF2B2AE7979}.Debug|Any CPU.Build.0 = Debug|Any CPU
		{159419AF-4F23-11E6-3A19-3AF2B2AE7979}.Release|Any CPU.ActiveCfg = Release|Any CPU
		{159419AF-4F23-11E6-3A19-3AF2B2AE7979}.Release|Any CPU.Build.0 = Release|Any CPU
		{8EAAE7D0-0F89-ADA8-F87B-28C02EA87E86}.Debug|Any CPU.ActiveCfg = Debug|Any CPU
		{8EAAE7D0-0F89-ADA8-F87B-28C02EA87E86}.Debug|Any CPU.Build.0 = Debug|Any CPU
		{8EAAE7D0-0F89-ADA8-F87B-28C02EA87E86}.Release|Any CPU.ActiveCfg = Release|Any CPU
		{8EAAE7D0-0F89-ADA8-F87B-28C02EA87E86}.Release|Any CPU.Build.0 = Release|Any CPU
		{D042F0FE-285D-5C00-CD68-2F97EF58A44A}.Debug|Any CPU.ActiveCfg = Debug|Any CPU
		{D042F0FE-285D-5C00-CD68-2F97EF58A44A}.Debug|Any CPU.Build.0 = Debug|Any CPU
		{D042F0FE-285D-5C00-CD68-2F97EF58A44A}.Release|Any CPU.ActiveCfg = Release|Any CPU
		{D042F0FE-285D-5C00-CD68-2F97EF58A44A}.Release|Any CPU.Build.0 = Release|Any CPU
	EndGlobalSection
	GlobalSection(SolutionProperties) = preSolution
		HideSolutionNode = FALSE
	EndGlobalSection
	GlobalSection(MonoDevelopProperties) = preSolution
		StartupItem = Assembly-CSharp.csproj
	EndGlobalSection
EndGlobal
